// !$*UTF8*$!
{
	archiveVersion = 1;
	classes = {
	};
	objectVersion = 55;
	objects = {

/* Begin PBXBuildFile section */
		55FC69622938DAF7002C7924 /* AppDelegate.swift in Sources */ = {isa = PBXBuildFile; fileRef = 55FC69612938DAF7002C7924 /* AppDelegate.swift */; };
		55FC69642938DAF7002C7924 /* SceneDelegate.swift in Sources */ = {isa = PBXBuildFile; fileRef = 55FC69632938DAF7002C7924 /* SceneDelegate.swift */; };
		55FC69662938DAF7002C7924 /* ViewController.swift in Sources */ = {isa = PBXBuildFile; fileRef = 55FC69652938DAF7002C7924 /* ViewController.swift */; };
		55FC69692938DAF7002C7924 /* Main.storyboard in Resources */ = {isa = PBXBuildFile; fileRef = 55FC69672938DAF7002C7924 /* Main.storyboard */; };
		55FC696B2938DAF9002C7924 /* Assets.xcassets in Resources */ = {isa = PBXBuildFile; fileRef = 55FC696A2938DAF9002C7924 /* Assets.xcassets */; };
		55FC696E2938DAF9002C7924 /* LaunchScreen.storyboard in Resources */ = {isa = PBXBuildFile; fileRef = 55FC696C2938DAF9002C7924 /* LaunchScreen.storyboard */; };
		55FC69792938DAF9002C7924 /* felicidadeTests.swift in Sources */ = {isa = PBXBuildFile; fileRef = 55FC69782938DAF9002C7924 /* felicidadeTests.swift */; };
		55FC69832938DAF9002C7924 /* felicidadeUITests.swift in Sources */ = {isa = PBXBuildFile; fileRef = 55FC69822938DAF9002C7924 /* felicidadeUITests.swift */; };
		55FC69852938DAF9002C7924 /* felicidadeUITestsLaunchTests.swift in Sources */ = {isa = PBXBuildFile; fileRef = 55FC69842938DAF9002C7924 /* felicidadeUITestsLaunchTests.swift */; };
/* End PBXBuildFile section */

/* Begin PBXContainerItemProxy section */
		55FC69752938DAF9002C7924 /* PBXContainerItemProxy */ = {
			isa = PBXContainerItemProxy;
			containerPortal = 55FC69562938DAF7002C7924 /* Project object */;
			proxyType = 1;
			remoteGlobalIDString = 55FC695D2938DAF7002C7924;
			remoteInfo = felicidade;
		};
		55FC697F2938DAF9002C7924 /* PBXContainerItemProxy */ = {
			isa = PBXContainerItemProxy;
			containerPortal = 55FC69562938DAF7002C7924 /* Project object */;
			proxyType = 1;
			remoteGlobalIDString = 55FC695D2938DAF7002C7924;
			remoteInfo = felicidade;
		};
/* End PBXContainerItemProxy section */

/* Begin PBXFileReference section */
		55FC695E2938DAF7002C7924 /* felicidade.app */ = {isa = PBXFileReference; explicitFileType = wrapper.application; includeInIndex = 0; path = felicidade.app; sourceTree = BUILT_PRODUCTS_DIR; };
		55FC69612938DAF7002C7924 /* AppDelegate.swift */ = {isa = PBXFileReference; lastKnownFileType = sourcecode.swift; path = AppDelegate.swift; sourceTree = "<group>"; };
		55FC69632938DAF7002C7924 /* SceneDelegate.swift */ = {isa = PBXFileReference; lastKnownFileType = sourcecode.swift; path = SceneDelegate.swift; sourceTree = "<group>"; };
		55FC69652938DAF7002C7924 /* ViewController.swift */ = {isa = PBXFileReference; lastKnownFileType = sourcecode.swift; path = ViewController.swift; sourceTree = "<group>"; };
		55FC69682938DAF7002C7924 /* Base */ = {isa = PBXFileReference; lastKnownFileType = file.storyboard; name = Base; path = Base.lproj/Main.storyboard; sourceTree = "<group>"; };
		55FC696A2938DAF9002C7924 /* Assets.xcassets */ = {isa = PBXFileReference; lastKnownFileType = folder.assetcatalog; path = Assets.xcassets; sourceTree = "<group>"; };
		55FC696D2938DAF9002C7924 /* Base */ = {isa = PBXFileReference; lastKnownFileType = file.storyboard; name = Base; path = Base.lproj/LaunchScreen.storyboard; sourceTree = "<group>"; };
		55FC696F2938DAF9002C7924 /* Info.plist */ = {isa = PBXFileReference; lastKnownFileType = text.plist.xml; path = Info.plist; sourceTree = "<group>"; };
		55FC69742938DAF9002C7924 /* felicidadeTests.xctest */ = {isa = PBXFileReference; explicitFileType = wrapper.cfbundle; includeInIndex = 0; path = felicidadeTests.xctest; sourceTree = BUILT_PRODUCTS_DIR; };
		55FC69782938DAF9002C7924 /* felicidadeTests.swift */ = {isa = PBXFileReference; lastKnownFileType = sourcecode.swift; path = felicidadeTests.swift; sourceTree = "<group>"; };
		55FC697E2938DAF9002C7924 /* felicidadeUITests.xctest */ = {isa = PBXFileReference; explicitFileType = wrapper.cfbundle; includeInIndex = 0; path = felicidadeUITests.xctest; sourceTree = BUILT_PRODUCTS_DIR; };
		55FC69822938DAF9002C7924 /* felicidadeUITests.swift */ = {isa = PBXFileReference; lastKnownFileType = sourcecode.swift; path = felicidadeUITests.swift; sourceTree = "<group>"; };
		55FC69842938DAF9002C7924 /* felicidadeUITestsLaunchTests.swift */ = {isa = PBXFileReference; lastKnownFileType = sourcecode.swift; path = felicidadeUITestsLaunchTests.swift; sourceTree = "<group>"; };
/* End PBXFileReference section */

/* Begin PBXFrameworksBuildPhase section */
		55FC695B2938DAF7002C7924 /* Frameworks */ = {
			isa = PBXFrameworksBuildPhase;
			buildActionMask = 2147483647;
			files = (
			);
			runOnlyForDeploymentPostprocessing = 0;
		};
		55FC69712938DAF9002C7924 /* Frameworks */ = {
			isa = PBXFrameworksBuildPhase;
			buildActionMask = 2147483647;
			files = (
			);
			runOnlyForDeploymentPostprocessing = 0;
		};
		55FC697B2938DAF9002C7924 /* Frameworks */ = {
			isa = PBXFrameworksBuildPhase;
			buildActionMask = 2147483647;
			files = (
			);
			runOnlyForDeploymentPostprocessing = 0;
		};
/* End PBXFrameworksBuildPhase section */

/* Begin PBXGroup section */
		55FC69552938DAF7002C7924 = {
			isa = PBXGroup;
			children = (
				55FC69602938DAF7002C7924 /* felicidade */,
				55FC69772938DAF9002C7924 /* felicidadeTests */,
				55FC69812938DAF9002C7924 /* felicidadeUITests */,
				55FC695F2938DAF7002C7924 /* Products */,
			);
			sourceTree = "<group>";
		};
		55FC695F2938DAF7002C7924 /* Products */ = {
			isa = PBXGroup;
			children = (
				55FC695E2938DAF7002C7924 /* felicidade.app */,
				55FC69742938DAF9002C7924 /* felicidadeTests.xctest */,
				55FC697E2938DAF9002C7924 /* felicidadeUITests.xctest */,
			);
			name = Products;
			sourceTree = "<group>";
		};
		55FC69602938DAF7002C7924 /* felicidade */ = {
			isa = PBXGroup;
			children = (
				55FC69612938DAF7002C7924 /* AppDelegate.swift */,
				55FC69632938DAF7002C7924 /* SceneDelegate.swift */,
				55FC69652938DAF7002C7924 /* ViewController.swift */,
				55FC69672938DAF7002C7924 /* Main.storyboard */,
				55FC696A2938DAF9002C7924 /* Assets.xcassets */,
				55FC696C2938DAF9002C7924 /* LaunchScreen.storyboard */,
				55FC696F2938DAF9002C7924 /* Info.plist */,
			);
			path = felicidade;
			sourceTree = "<group>";
		};
		55FC69772938DAF9002C7924 /* felicidadeTests */ = {
			isa = PBXGroup;
			children = (
				55FC69782938DAF9002C7924 /* felicidadeTests.swift */,
			);
			path = felicidadeTests;
			sourceTree = "<group>";
		};
		55FC69812938DAF9002C7924 /* felicidadeUITests */ = {
			isa = PBXGroup;
			children = (
				55FC69822938DAF9002C7924 /* felicidadeUITests.swift */,
				55FC69842938DAF9002C7924 /* felicidadeUITestsLaunchTests.swift */,
			);
			path = felicidadeUITests;
			sourceTree = "<group>";
		};
/* End PBXGroup section */

/* Begin PBXNativeTarget section */
		55FC695D2938DAF7002C7924 /* felicidade */ = {
			isa = PBXNativeTarget;
			buildConfigurationList = 55FC69882938DAF9002C7924 /* Build configuration list for PBXNativeTarget "felicidade" */;
			buildPhases = (
				55FC695A2938DAF7002C7924 /* Sources */,
				55FC695B2938DAF7002C7924 /* Frameworks */,
				55FC695C2938DAF7002C7924 /* Resources */,
			);
			buildRules = (
			);
			dependencies = (
			);
			name = felicidade;
			productName = felicidade;
			productReference = 55FC695E2938DAF7002C7924 /* felicidade.app */;
			productType = "com.apple.product-type.application";
		};
		55FC69732938DAF9002C7924 /* felicidadeTests */ = {
			isa = PBXNativeTarget;
			buildConfigurationList = 55FC698B2938DAF9002C7924 /* Build configuration list for PBXNativeTarget "felicidadeTests" */;
			buildPhases = (
				55FC69702938DAF9002C7924 /* Sources */,
				55FC69712938DAF9002C7924 /* Frameworks */,
				55FC69722938DAF9002C7924 /* Resources */,
			);
			buildRules = (
			);
			dependencies = (
				55FC69762938DAF9002C7924 /* PBXTargetDependency */,
			);
			name = felicidadeTests;
			productName = felicidadeTests;
			productReference = 55FC69742938DAF9002C7924 /* felicidadeTests.xctest */;
			productType = "com.apple.product-type.bundle.unit-test";
		};
		55FC697D2938DAF9002C7924 /* felicidadeUITests */ = {
			isa = PBXNativeTarget;
			buildConfigurationList = 55FC698E2938DAF9002C7924 /* Build configuration list for PBXNativeTarget "felicidadeUITests" */;
			buildPhases = (
				55FC697A2938DAF9002C7924 /* Sources */,
				55FC697B2938DAF9002C7924 /* Frameworks */,
				55FC697C2938DAF9002C7924 /* Resources */,
			);
			buildRules = (
			);
			dependencies = (
				55FC69802938DAF9002C7924 /* PBXTargetDependency */,
			);
			name = felicidadeUITests;
			productName = felicidadeUITests;
			productReference = 55FC697E2938DAF9002C7924 /* felicidadeUITests.xctest */;
			productType = "com.apple.product-type.bundle.ui-testing";
		};
/* End PBXNativeTarget section */

/* Begin PBXProject section */
		55FC69562938DAF7002C7924 /* Project object */ = {
			isa = PBXProject;
			attributes = {
				BuildIndependentTargetsInParallel = 1;
				LastSwiftUpdateCheck = 1340;
				LastUpgradeCheck = 1340;
				TargetAttributes = {
					55FC695D2938DAF7002C7924 = {
						CreatedOnToolsVersion = 13.4.1;
					};
					55FC69732938DAF9002C7924 = {
						CreatedOnToolsVersion = 13.4.1;
						TestTargetID = 55FC695D2938DAF7002C7924;
					};
					55FC697D2938DAF9002C7924 = {
						CreatedOnToolsVersion = 13.4.1;
						TestTargetID = 55FC695D2938DAF7002C7924;
					};
				};
			};
			buildConfigurationList = 55FC69592938DAF7002C7924 /* Build configuration list for PBXProject "felicidade" */;
			compatibilityVersion = "Xcode 13.0";
			developmentRegion = en;
			hasScannedForEncodings = 0;
			knownRegions = (
				en,
				Base,
			);
			mainGroup = 55FC69552938DAF7002C7924;
			productRefGroup = 55FC695F2938DAF7002C7924 /* Products */;
			projectDirPath = "";
			projectRoot = "";
			targets = (
				55FC695D2938DAF7002C7924 /* felicidade */,
				55FC69732938DAF9002C7924 /* felicidadeTests */,
				55FC697D2938DAF9002C7924 /* felicidadeUITests */,
			);
		};
/* End PBXProject section */

/* Begin PBXResourcesBuildPhase section */
		55FC695C2938DAF7002C7924 /* Resources */ = {
			isa = PBXResourcesBuildPhase;
			buildActionMask = 2147483647;
			files = (
				55FC696E2938DAF9002C7924 /* LaunchScreen.storyboard in Resources */,
				55FC696B2938DAF9002C7924 /* Assets.xcassets in Resources */,
				55FC69692938DAF7002C7924 /* Main.storyboard in Resources */,
			);
			runOnlyForDeploymentPostprocessing = 0;
		};
		55FC69722938DAF9002C7924 /* Resources */ = {
			isa = PBXResourcesBuildPhase;
			buildActionMask = 2147483647;
			files = (
			);
			runOnlyForDeploymentPostprocessing = 0;
		};
		55FC697C2938DAF9002C7924 /* Resources */ = {
			isa = PBXResourcesBuildPhase;
			buildActionMask = 2147483647;
			files = (
			);
			runOnlyForDeploymentPostprocessing = 0;
		};
/* End PBXResourcesBuildPhase section */

/* Begin PBXSourcesBuildPhase section */
		55FC695A2938DAF7002C7924 /* Sources */ = {
			isa = PBXSourcesBuildPhase;
			buildActionMask = 2147483647;
			files = (
				55FC69662938DAF7002C7924 /* ViewController.swift in Sources */,
				55FC69622938DAF7002C7924 /* AppDelegate.swift in Sources */,
				55FC69642938DAF7002C7924 /* SceneDelegate.swift in Sources */,
			);
			runOnlyForDeploymentPostprocessing = 0;
		};
		55FC69702938DAF9002C7924 /* Sources */ = {
			isa = PBXSourcesBuildPhase;
			buildActionMask = 2147483647;
			files = (
				55FC69792938DAF9002C7924 /* felicidadeTests.swift in Sources */,
			);
			runOnlyForDeploymentPostprocessing = 0;
		};
		55FC697A2938DAF9002C7924 /* Sources */ = {
			isa = PBXSourcesBuildPhase;
			buildActionMask = 2147483647;
			files = (
				55FC69852938DAF9002C7924 /* felicidadeUITestsLaunchTests.swift in Sources */,
				55FC69832938DAF9002C7924 /* felicidadeUITests.swift in Sources */,
			);
			runOnlyForDeploymentPostprocessing = 0;
		};
/* End PBXSourcesBuildPhase section */

/* Begin PBXTargetDependency section */
		55FC69762938DAF9002C7924 /* PBXTargetDependency */ = {
			isa = PBXTargetDependency;
			target = 55FC695D2938DAF7002C7924 /* felicidade */;
			targetProxy = 55FC69752938DAF9002C7924 /* PBXContainerItemProxy */;
		};
		55FC69802938DAF9002C7924 /* PBXTargetDependency */ = {
			isa = PBXTargetDependency;
			target = 55FC695D2938DAF7002C7924 /* felicidade */;
			targetProxy = 55FC697F2938DAF9002C7924 /* PBXContainerItemProxy */;
		};
/* End PBXTargetDependency section */

/* Begin PBXVariantGroup section */
		55FC69672938DAF7002C7924 /* Main.storyboard */ = {
			isa = PBXVariantGroup;
			children = (
				55FC69682938DAF7002C7924 /* Base */,
			);
			name = Main.storyboard;
			sourceTree = "<group>";
		};
		55FC696C2938DAF9002C7924 /* LaunchScreen.storyboard */ = {
			isa = PBXVariantGroup;
			children = (
				55FC696D2938DAF9002C7924 /* Base */,
			);
			name = LaunchScreen.storyboard;
			sourceTree = "<group>";
		};
/* End PBXVariantGroup section */

/* Begin XCBuildConfiguration section */
		55FC69862938DAF9002C7924 /* Debug */ = {
			isa = XCBuildConfiguration;
			buildSettings = {
				ALWAYS_SEARCH_USER_PATHS = NO;
				CLANG_ANALYZER_NONNULL = YES;
				CLANG_ANALYZER_NUMBER_OBJECT_CONVERSION = YES_AGGRESSIVE;
				CLANG_CXX_LANGUAGE_STANDARD = "gnu++17";
				CLANG_ENABLE_MODULES = YES;
				CLANG_ENABLE_OBJC_ARC = YES;
				CLANG_ENABLE_OBJC_WEAK = YES;
				CLANG_WARN_BLOCK_CAPTURE_AUTORELEASING = YES;
				CLANG_WARN_BOOL_CONVERSION = YES;
				CLANG_WARN_COMMA = YES;
				CLANG_WARN_CONSTANT_CONVERSION = YES;
				CLANG_WARN_DEPRECATED_OBJC_IMPLEMENTATIONS = YES;
				CLANG_WARN_DIRECT_OBJC_ISA_USAGE = YES_ERROR;
				CLANG_WARN_DOCUMENTATION_COMMENTS = YES;
				CLANG_WARN_EMPTY_BODY = YES;
				CLANG_WARN_ENUM_CONVERSION = YES;
				CLANG_WARN_INFINITE_RECURSION = YES;
				CLANG_WARN_INT_CONVERSION = YES;
				CLANG_WARN_NON_LITERAL_NULL_CONVERSION = YES;
				CLANG_WARN_OBJC_IMPLICIT_RETAIN_SELF = YES;
				CLANG_WARN_OBJC_LITERAL_CONVERSION = YES;
				CLANG_WARN_OBJC_ROOT_CLASS = YES_ERROR;
				CLANG_WARN_QUOTED_INCLUDE_IN_FRAMEWORK_HEADER = YES;
				CLANG_WARN_RANGE_LOOP_ANALYSIS = YES;
				CLANG_WARN_STRICT_PROTOTYPES = YES;
				CLANG_WARN_SUSPICIOUS_MOVE = YES;
				CLANG_WARN_UNGUARDED_AVAILABILITY = YES_AGGRESSIVE;
				CLANG_WARN_UNREACHABLE_CODE = YES;
				CLANG_WARN__DUPLICATE_METHOD_MATCH = YES;
				COPY_PHASE_STRIP = NO;
				DEBUG_INFORMATION_FORMAT = dwarf;
				ENABLE_STRICT_OBJC_MSGSEND = YES;
				ENABLE_TESTABILITY = YES;
				GCC_C_LANGUAGE_STANDARD = gnu11;
				GCC_DYNAMIC_NO_PIC = NO;
				GCC_NO_COMMON_BLOCKS = YES;
				GCC_OPTIMIZATION_LEVEL = 0;
				GCC_PREPROCESSOR_DEFINITIONS = (
					"DEBUG=1",
					"$(inherited)",
				);
				GCC_WARN_64_TO_32_BIT_CONVERSION = YES;
				GCC_WARN_ABOUT_RETURN_TYPE = YES_ERROR;
				GCC_WARN_UNDECLARED_SELECTOR = YES;
				GCC_WARN_UNINITIALIZED_AUTOS = YES_AGGRESSIVE;
				GCC_WARN_UNUSED_FUNCTION = YES;
				GCC_WARN_UNUSED_VARIABLE = YES;
				IPHONEOS_DEPLOYMENT_TARGET = 15.5;
				MTL_ENABLE_DEBUG_INFO = INCLUDE_SOURCE;
				MTL_FAST_MATH = YES;
				ONLY_ACTIVE_ARCH = YES;
				SDKROOT = iphoneos;
				SWIFT_ACTIVE_COMPILATION_CONDITIONS = DEBUG;
				SWIFT_OPTIMIZATION_LEVEL = "-Onone";
			};
			name = Debug;
		};
		55FC69872938DAF9002C7924 /* Release */ = {
			isa = XCBuildConfiguration;
			buildSettings = {
				ALWAYS_SEARCH_USER_PATHS = NO;
				CLANG_ANALYZER_NONNULL = YES;
				CLANG_ANALYZER_NUMBER_OBJECT_CONVERSION = YES_AGGRESSIVE;
				CLANG_CXX_LANGUAGE_STANDARD = "gnu++17";
				CLANG_ENABLE_MODULES = YES;
				CLANG_ENABLE_OBJC_ARC = YES;
				CLANG_ENABLE_OBJC_WEAK = YES;
				CLANG_WARN_BLOCK_CAPTURE_AUTORELEASING = YES;
				CLANG_WARN_BOOL_CONVERSION = YES;
				CLANG_WARN_COMMA = YES;
				CLANG_WARN_CONSTANT_CONVERSION = YES;
				CLANG_WARN_DEPRECATED_OBJC_IMPLEMENTATIONS = YES;
				CLANG_WARN_DIRECT_OBJC_ISA_USAGE = YES_ERROR;
				CLANG_WARN_DOCUMENTATION_COMMENTS = YES;
				CLANG_WARN_EMPTY_BODY = YES;
				CLANG_WARN_ENUM_CONVERSION = YES;
				CLANG_WARN_INFINITE_RECURSION = YES;
				CLANG_WARN_INT_CONVERSION = YES;
				CLANG_WARN_NON_LITERAL_NULL_CONVERSION = YES;
				CLANG_WARN_OBJC_IMPLICIT_RETAIN_SELF = YES;
				CLANG_WARN_OBJC_LITERAL_CONVERSION = YES;
				CLANG_WARN_OBJC_ROOT_CLASS = YES_ERROR;
				CLANG_WARN_QUOTED_INCLUDE_IN_FRAMEWORK_HEADER = YES;
				CLANG_WARN_RANGE_LOOP_ANALYSIS = YES;
				CLANG_WARN_STRICT_PROTOTYPES = YES;
				CLANG_WARN_SUSPICIOUS_MOVE = YES;
				CLANG_WARN_UNGUARDED_AVAILABILITY = YES_AGGRESSIVE;
				CLANG_WARN_UNREACHABLE_CODE = YES;
				CLANG_WARN__DUPLICATE_METHOD_MATCH = YES;
				COPY_PHASE_STRIP = NO;
				DEBUG_INFORMATION_FORMAT = "dwarf-with-dsym";
				ENABLE_NS_ASSERTIONS = NO;
				ENABLE_STRICT_OBJC_MSGSEND = YES;
				GCC_C_LANGUAGE_STANDARD = gnu11;
				GCC_NO_COMMON_BLOCKS = YES;
				GCC_WARN_64_TO_32_BIT_CONVERSION = YES;
				GCC_WARN_ABOUT_RETURN_TYPE = YES_ERROR;
				GCC_WARN_UNDECLARED_SELECTOR = YES;
				GCC_WARN_UNINITIALIZED_AUTOS = YES_AGGRESSIVE;
				GCC_WARN_UNUSED_FUNCTION = YES;
				GCC_WARN_UNUSED_VARIABLE = YES;
				IPHONEOS_DEPLOYMENT_TARGET = 15.5;
				MTL_ENABLE_DEBUG_INFO = NO;
				MTL_FAST_MATH = YES;
				SDKROOT = iphoneos;
				SWIFT_COMPILATION_MODE = wholemodule;
				SWIFT_OPTIMIZATION_LEVEL = "-O";
				VALIDATE_PRODUCT = YES;
			};
			name = Release;
		};
		55FC69892938DAF9002C7924 /* Debug */ = {
			isa = XCBuildConfiguration;
			buildSettings = {
				ASSETCATALOG_COMPILER_APPICON_NAME = AppIcon;
				ASSETCATALOG_COMPILER_GLOBAL_ACCENT_COLOR_NAME = AccentColor;
				CODE_SIGN_STYLE = Automatic;
				CURRENT_PROJECT_VERSION = 1;
				GENERATE_INFOPLIST_FILE = YES;
				INFOPLIST_FILE = felicidade/Info.plist;
				INFOPLIST_KEY_UIApplicationSupportsIndirectInputEvents = YES;
				INFOPLIST_KEY_UILaunchStoryboardName = LaunchScreen;
				INFOPLIST_KEY_UIMainStoryboardFile = Main;
				INFOPLIST_KEY_UISupportedInterfaceOrientations_iPad = "UIInterfaceOrientationPortrait UIInterfaceOrientationPortraitUpsideDown UIInterfaceOrientationLandscapeLeft UIInterfaceOrientationLandscapeRight";
				INFOPLIST_KEY_UISupportedInterfaceOrientations_iPhone = "UIInterfaceOrientationPortrait UIInterfaceOrientationLandscapeLeft UIInterfaceOrientationLandscapeRight";
				LD_RUNPATH_SEARCH_PATHS = (
					"$(inherited)",
					"@executable_path/Frameworks",
				);
				MARKETING_VERSION = 1.0;
				PRODUCT_BUNDLE_IDENTIFIER = "felipe-sCorporation.felicidade";
				PRODUCT_NAME = "$(TARGET_NAME)";
				SWIFT_EMIT_LOC_STRINGS = YES;
				SWIFT_VERSION = 5.0;
				TARGETED_DEVICE_FAMILY = "1,2";
			};
			name = Debug;
		};
		55FC698A2938DAF9002C7924 /* Release */ = {
			isa = XCBuildConfiguration;
			buildSettings = {
				ASSETCATALOG_COMPILER_APPICON_NAME = AppIcon;
				ASSETCATALOG_COMPILER_GLOBAL_ACCENT_COLOR_NAME = AccentColor;
				CODE_SIGN_STYLE = Automatic;
				CURRENT_PROJECT_VERSION = 1;
				GENERATE_INFOPLIST_FILE = YES;
				INFOPLIST_FILE = felicidade/Info.plist;
				INFOPLIST_KEY_UIApplicationSupportsIndirectInputEvents = YES;
				INFOPLIST_KEY_UILaunchStoryboardName = LaunchScreen;
				INFOPLIST_KEY_UIMainStoryboardFile = Main;
				INFOPLIST_KEY_UISupportedInterfaceOrientations_iPad = "UIInterfaceOrientationPortrait UIInterfaceOrientationPortraitUpsideDown UIInterfaceOrientationLandscapeLeft UIInterfaceOrientationLandscapeRight";
				INFOPLIST_KEY_UISupportedInterfaceOrientations_iPhone = "UIInterfaceOrientationPortrait UIInterfaceOrientationLandscapeLeft UIInterfaceOrientationLandscapeRight";
				LD_RUNPATH_SEARCH_PATHS = (
					"$(inherited)",
					"@executable_path/Frameworks",
				);
				MARKETING_VERSION = 1.0;
				PRODUCT_BUNDLE_IDENTIFIER = "felipe-sCorporation.felicidade";
				PRODUCT_NAME = "$(TARGET_NAME)";
				SWIFT_EMIT_LOC_STRINGS = YES;
				SWIFT_VERSION = 5.0;
				TARGETED_DEVICE_FAMILY = "1,2";
			};
			name = Release;
		};
		55FC698C2938DAF9002C7924 /* Debug */ = {
			isa = XCBuildConfiguration;
			buildSettings = {
				ALWAYS_EMBED_SWIFT_STANDARD_LIBRARIES = YES;
				BUNDLE_LOADER = "$(TEST_HOST)";
				CODE_SIGN_STYLE = Automatic;
				CURRENT_PROJECT_VERSION = 1;
				GENERATE_INFOPLIST_FILE = YES;
				IPHONEOS_DEPLOYMENT_TARGET = 15.5;
				MARKETING_VERSION = 1.0;
				PRODUCT_BUNDLE_IDENTIFIER = "felipe-sCorporation.felicidadeTests";
				PRODUCT_NAME = "$(TARGET_NAME)";
				SWIFT_EMIT_LOC_STRINGS = NO;
				SWIFT_VERSION = 5.0;
				TARGETED_DEVICE_FAMILY = "1,2";
				TEST_HOST = "$(BUILT_PRODUCTS_DIR)/felicidade.app/felicidade";
			};
			name = Debug;
		};
		55FC698D2938DAF9002C7924 /* Release */ = {
			isa = XCBuildConfiguration;
			buildSettings = {
				ALWAYS_EMBED_SWIFT_STANDARD_LIBRARIES = YES;
				BUNDLE_LOADER = "$(TEST_HOST)";
				CODE_SIGN_STYLE = Automatic;
				CURRENT_PROJECT_VERSION = 1;
				GENERATE_INFOPLIST_FILE = YES;
				IPHONEOS_DEPLOYMENT_TARGET = 15.5;
				MARKETING_VERSION = 1.0;
				PRODUCT_BUNDLE_IDENTIFIER = "felipe-sCorporation.felicidadeTests";
				PRODUCT_NAME = "$(TARGET_NAME)";
				SWIFT_EMIT_LOC_STRINGS = NO;
				SWIFT_VERSION = 5.0;
				TARGETED_DEVICE_FAMILY = "1,2";
				TEST_HOST = "$(BUILT_PRODUCTS_DIR)/felicidade.app/felicidade";
			};
			name = Release;
		};
		55FC698F2938DAF9002C7924 /* Debug */ = {
			isa = XCBuildConfiguration;
			buildSettings = {
				ALWAYS_EMBED_SWIFT_STANDARD_LIBRARIES = YES;
				CODE_SIGN_STYLE = Automatic;
				CURRENT_PROJECT_VERSION = 1;
				GENERATE_INFOPLIST_FILE = YES;
				MARKETING_VERSION = 1.0;
				PRODUCT_BUNDLE_IDENTIFIER = "felipe-sCorporation.felicidadeUITests";
				PRODUCT_NAME = "$(TARGET_NAME)";
				SWIFT_EMIT_LOC_STRINGS = NO;
				SWIFT_VERSION = 5.0;
				TARGETED_DEVICE_FAMILY = "1,2";
				TEST_TARGET_NAME = felicidade;
			};
			name = Debug;
		};
		55FC69902938DAF9002C7924 /* Release */ = {
			isa = XCBuildConfiguration;
			buildSettings = {
				ALWAYS_EMBED_SWIFT_STANDARD_LIBRARIES = YES;
				CODE_SIGN_STYLE = Automatic;
				CURRENT_PROJECT_VERSION = 1;
				GENERATE_INFOPLIST_FILE = YES;
				MARKETING_VERSION = 1.0;
				PRODUCT_BUNDLE_IDENTIFIER = "felipe-sCorporation.felicidadeUITests";
				PRODUCT_NAME = "$(TARGET_NAME)";
				SWIFT_EMIT_LOC_STRINGS = NO;
				SWIFT_VERSION = 5.0;
				TARGETED_DEVICE_FAMILY = "1,2";
				TEST_TARGET_NAME = felicidade;
			};
			name = Release;
		};
/* End XCBuildConfiguration section */

/* Begin XCConfigurationList section */
		55FC69592938DAF7002C7924 /* Build configuration list for PBXProject "felicidade" */ = {
			isa = XCConfigurationList;
			buildConfigurations = (
				55FC69862938DAF9002C7924 /* Debug */,
				55FC69872938DAF9002C7924 /* Release */,
			);
			defaultConfigurationIsVisible = 0;
			defaultConfigurationName = Release;
		};
		55FC69882938DAF9002C7924 /* Build configuration list for PBXNativeTarget "felicidade" */ = {
			isa = XCConfigurationList;
			buildConfigurations = (
				55FC69892938DAF9002C7924 /* Debug */,
				55FC698A2938DAF9002C7924 /* Release */,
			);
			defaultConfigurationIsVisible = 0;
			defaultConfigurationName = Release;
		};
		55FC698B2938DAF9002C7924 /* Build configuration list for PBXNativeTarget "felicidadeTests" */ = {
			isa = XCConfigurationList;
			buildConfigurations = (
				55FC698C2938DAF9002C7924 /* Debug */,
				55FC698D2938DAF9002C7924 /* Release */,
			);
			defaultConfigurationIsVisible = 0;
			defaultConfigurationName = Release;
		};
		55FC698E2938DAF9002C7924 /* Build configuration list for PBXNativeTarget "felicidadeUITests" */ = {
			isa = XCConfigurationList;
			buildConfigurations = (
				55FC698F2938DAF9002C7924 /* Debug */,
				55FC69902938DAF9002C7924 /* Release */,
			);
			defaultConfigurationIsVisible = 0;
			defaultConfigurationName = Release;
		};
/* End XCConfigurationList section */
	};
	rootObject = 55FC69562938DAF7002C7924 /* Project object */;
}
